
Microsoft Visual Studio Solution File, Format Version 12.00
# Visual Studio Version 16
VisualStudioVersion = 16.0.30503.244
MinimumVisualStudioVersion = 10.0.40219.1
Project("{9A19103F-16F7-4668-BE54-9A1E7A4F7556}") = "ScriptCommonHandlers", "ScriptCommonHandlers.csproj", "{408F8E88-3A9B-4109-8B52-7D3C43879D3D}"
EndProject
Global
	GlobalSection(SolutionConfigurationPlatforms) = preSolution
		Debug|Any CPU = Debug|Any CPU
		Release|Any CPU = Release|Any CPU
	EndGlobalSection
	GlobalSection(ProjectConfigurationPlatforms) = postSolution
		{408F8E88-3A9B-4109-8B52-7D3C43879D3D}.Debug|Any CPU.ActiveCfg = Debug|Any CPU
		{408F8E88-3A9B-4109-8B52-7D3C43879D3D}.Debug|Any CPU.Build.0 = Debug|Any CPU
		{408F8E88-3A9B-4109-8B52-7D3C43879D3D}.Release|Any CPU.ActiveCfg = Release|Any CPU
		{408F8E88-3A9B-4109-8B52-7D3C43879D3D}.Release|Any CPU.Build.0 = Release|Any CPU
	EndGlobalSection
	GlobalSection(SolutionProperties) = preSolution
		HideSolutionNode = FALSE
	EndGlobalSection
	GlobalSection(ExtensibilityGlobals) = postSolution
		SolutionGuid = {4200153D-B155-4DF4-88A7-12E39FC24406}
	EndGlobalSection
EndGlobal
